// !$*UTF8*$!
{
	archiveVersion = 1;
	classes = {
	};
	objectVersion = 70;
	objects = {

/* Begin PBXBuildFile section */
		A1B2C3D4E5F6000100010001 /* AppDelegate.swift in Sources */ = {isa = PBXBuildFile; fileRef = A1B2C3D4E5F6000100010007 /* AppDelegate.swift */; };
		A1B2C3D4E5F6000100010003 /* ViewController.swift in Sources */ = {isa = PBXBuildFile; fileRef = A1B2C3D4E5F6000100010008 /* ViewController.swift */; };
		A1B2C3D4E5F6000100010017 /* EndpointStorage.swift in Sources */ = {isa = PBXBuildFile; fileRef = A1B2C3D4E5F6000100010018 /* EndpointStorage.swift */; };
		A1B2C3D4E5F6000100010019 /* WorkoutType.swift in Sources */ = {isa = PBXBuildFile; fileRef = A1B2C3D4E5F600010001001A /* WorkoutType.swift */; };
		A1B2C3D4E5F600010001001D /* WorkoutSessionManager.swift in Sources */ = {isa = PBXBuildFile; fileRef = A1B2C3D4E5F600010001001C /* WorkoutSessionManager.swift */; };
		A1B2C3D4E5F600010001001F /* StreamClient.swift in Sources */ = {isa = PBXBuildFile; fileRef = A1B2C3D4E5F600010001001E /* StreamClient.swift */; };
		A1B2C3D4E5F6000100010021 /* LocationManager.swift in Sources */ = {isa = PBXBuildFile; fileRef = A1B2C3D4E5F6000100010020 /* LocationManager.swift */; };
		A1B2C3D4E5F6000100010023 /* WorkoutMetrics.swift in Sources */ = {isa = PBXBuildFile; fileRef = A1B2C3D4E5F6000100010022 /* WorkoutMetrics.swift */; };
		A1B2C3D4E5F6000100010025 /* LiveMetricsViewController.swift in Sources */ = {isa = PBXBuildFile; fileRef = A1B2C3D4E5F6000100010024 /* LiveMetricsViewController.swift */; };
		A1B2C3D4E5F6000100010027 /* WorkoutNotificationManager.swift in Sources */ = {isa = PBXBuildFile; fileRef = A1B2C3D4E5F6000100010026 /* WorkoutNotificationManager.swift */; };
		A1B2C3D4E5F6000100010029 /* WatchSessionManager.swift in Sources */ = {isa = PBXBuildFile; fileRef = A1B2C3D4E5F6000100010028 /* WatchSessionManager.swift */; };
		A1B2C3D4E5F600010001002B /* Assets.xcassets in Resources */ = {isa = PBXBuildFile; fileRef = A1B2C3D4E5F600010001002A /* Assets.xcassets */; };
		BEB71A062F47B6BB006B21FC /* FitnessStream Watch App Watch App.app in Embed Watch Content */ = {isa = PBXBuildFile; fileRef = BEB719FC2F47B6BA006B21FC /* FitnessStream Watch App Watch App.app */; settings = {ATTRIBUTES = (RemoveHeadersOnCopy, ); }; };
/* End PBXBuildFile section */

/* Begin PBXContainerItemProxy section */
		BEB71A042F47B6BB006B21FC /* PBXContainerItemProxy */ = {
			isa = PBXContainerItemProxy;
			containerPortal = A1B2C3D4E5F600010001000F /* Project object */;
			proxyType = 1;
			remoteGlobalIDString = BEB719FB2F47B6BA006B21FC;
			remoteInfo = "FitnessStream Watch App Watch App";
		};
/* End PBXContainerItemProxy section */

/* Begin PBXCopyFilesBuildPhase section */
		BEB71A0A2F47B6BB006B21FC /* Embed Watch Content */ = {
			isa = PBXCopyFilesBuildPhase;
			buildActionMask = 2147483647;
			dstPath = "$(CONTENTS_FOLDER_PATH)/Watch";
			dstSubfolderSpec = 16;
			files = (
				BEB71A062F47B6BB006B21FC /* FitnessStream Watch App Watch App.app in Embed Watch Content */,
			);
			name = "Embed Watch Content";
			runOnlyForDeploymentPostprocessing = 0;
		};
/* End PBXCopyFilesBuildPhase section */

/* Begin PBXFileReference section */
		A1B2C3D4E5F6000100010000 /* FitnessStream.app */ = {isa = PBXFileReference; explicitFileType = wrapper.application; includeInIndex = 0; path = FitnessStream.app; sourceTree = BUILT_PRODUCTS_DIR; };
		A1B2C3D4E5F6000100010007 /* AppDelegate.swift */ = {isa = PBXFileReference; lastKnownFileType = sourcecode.swift; path = AppDelegate.swift; sourceTree = "<group>"; };
		A1B2C3D4E5F6000100010008 /* ViewController.swift */ = {isa = PBXFileReference; lastKnownFileType = sourcecode.swift; path = ViewController.swift; sourceTree = "<group>"; };
		A1B2C3D4E5F6000100010009 /* Info.plist */ = {isa = PBXFileReference; lastKnownFileType = text.plist.xml; path = Info.plist; sourceTree = "<group>"; };
		A1B2C3D4E5F6000100010018 /* EndpointStorage.swift */ = {isa = PBXFileReference; lastKnownFileType = sourcecode.swift; path = EndpointStorage.swift; sourceTree = "<group>"; };
		A1B2C3D4E5F600010001001A /* WorkoutType.swift */ = {isa = PBXFileReference; lastKnownFileType = sourcecode.swift; path = WorkoutType.swift; sourceTree = "<group>"; };
		A1B2C3D4E5F600010001001B /* FitnessStream.entitlements */ = {isa = PBXFileReference; lastKnownFileType = text.plist.entitlements; path = FitnessStream.entitlements; sourceTree = "<group>"; };
		A1B2C3D4E5F600010001001C /* WorkoutSessionManager.swift */ = {isa = PBXFileReference; lastKnownFileType = sourcecode.swift; path = WorkoutSessionManager.swift; sourceTree = "<group>"; };
		A1B2C3D4E5F600010001001E /* StreamClient.swift */ = {isa = PBXFileReference; lastKnownFileType = sourcecode.swift; path = StreamClient.swift; sourceTree = "<group>"; };
		A1B2C3D4E5F6000100010020 /* LocationManager.swift */ = {isa = PBXFileReference; lastKnownFileType = sourcecode.swift; path = LocationManager.swift; sourceTree = "<group>"; };
		A1B2C3D4E5F6000100010022 /* WorkoutMetrics.swift */ = {isa = PBXFileReference; lastKnownFileType = sourcecode.swift; path = WorkoutMetrics.swift; sourceTree = "<group>"; };
		A1B2C3D4E5F6000100010024 /* LiveMetricsViewController.swift */ = {isa = PBXFileReference; lastKnownFileType = sourcecode.swift; path = LiveMetricsViewController.swift; sourceTree = "<group>"; };
		A1B2C3D4E5F6000100010026 /* WorkoutNotificationManager.swift */ = {isa = PBXFileReference; lastKnownFileType = sourcecode.swift; path = WorkoutNotificationManager.swift; sourceTree = "<group>"; };
		A1B2C3D4E5F6000100010028 /* WatchSessionManager.swift */ = {isa = PBXFileReference; lastKnownFileType = sourcecode.swift; path = WatchSessionManager.swift; sourceTree = "<group>"; };
		A1B2C3D4E5F600010001002A /* Assets.xcassets */ = {isa = PBXFileReference; lastKnownFileType = folder.assetcatalog; path = Assets.xcassets; sourceTree = "<group>"; };
		BEB719FC2F47B6BA006B21FC /* FitnessStream Watch App Watch App.app */ = {isa = PBXFileReference; explicitFileType = wrapper.application; includeInIndex = 0; path = "FitnessStream Watch App Watch App.app"; sourceTree = BUILT_PRODUCTS_DIR; };
/* End PBXFileReference section */

/* Begin PBXFileSystemSynchronizedRootGroup section */
		BEB719FD2F47B6BA006B21FC /* FitnessStream Watch App Watch App */ = {isa = PBXFileSystemSynchronizedRootGroup; explicitFileTypes = {}; explicitFolders = (); path = "FitnessStream Watch App Watch App"; sourceTree = "<group>"; };
/* End PBXFileSystemSynchronizedRootGroup section */

/* Begin PBXFrameworksBuildPhase section */
		A1B2C3D4E5F6000100010005 /* Frameworks */ = {
			isa = PBXFrameworksBuildPhase;
			buildActionMask = 2147483647;
			files = (
			);
			runOnlyForDeploymentPostprocessing = 0;
		};
		BEB719F92F47B6BA006B21FC /* Frameworks */ = {
			isa = PBXFrameworksBuildPhase;
			buildActionMask = 2147483647;
			files = (
			);
			runOnlyForDeploymentPostprocessing = 0;
		};
/* End PBXFrameworksBuildPhase section */

/* Begin PBXGroup section */
		A1B2C3D4E5F6000100010006 /* FitnessStream */ = {
			isa = PBXGroup;
			children = (
				A1B2C3D4E5F6000100010007 /* AppDelegate.swift */,
				A1B2C3D4E5F6000100010018 /* EndpointStorage.swift */,
				A1B2C3D4E5F6000100010008 /* ViewController.swift */,
				A1B2C3D4E5F600010001001A /* WorkoutType.swift */,
				A1B2C3D4E5F600010001001C /* WorkoutSessionManager.swift */,
				A1B2C3D4E5F600010001001E /* StreamClient.swift */,
				A1B2C3D4E5F6000100010020 /* LocationManager.swift */,
				A1B2C3D4E5F6000100010022 /* WorkoutMetrics.swift */,
				A1B2C3D4E5F6000100010024 /* LiveMetricsViewController.swift */,
				A1B2C3D4E5F6000100010026 /* WorkoutNotificationManager.swift */,
				A1B2C3D4E5F6000100010028 /* WatchSessionManager.swift */,
				A1B2C3D4E5F600010001002A /* Assets.xcassets */,
				A1B2C3D4E5F600010001001B /* FitnessStream.entitlements */,
				A1B2C3D4E5F6000100010009 /* Info.plist */,
			);
			path = FitnessStream;
			sourceTree = "<group>";
		};
		A1B2C3D4E5F600010001000A /* Products */ = {
			isa = PBXGroup;
			children = (
				A1B2C3D4E5F6000100010000 /* FitnessStream.app */,
				BEB719FC2F47B6BA006B21FC /* FitnessStream Watch App Watch App.app */,
			);
			name = Products;
			sourceTree = "<group>";
		};
		A1B2C3D4E5F6000100010011 = {
			isa = PBXGroup;
			children = (
				A1B2C3D4E5F6000100010006 /* FitnessStream */,
				BEB719FD2F47B6BA006B21FC /* FitnessStream Watch App Watch App */,
				A1B2C3D4E5F600010001000A /* Products */,
			);
			sourceTree = "<group>";
		};
/* End PBXGroup section */

/* Begin PBXNativeTarget section */
		A1B2C3D4E5F600010001000B /* FitnessStream */ = {
			isa = PBXNativeTarget;
			buildConfigurationList = A1B2C3D4E5F600010001000C /* Build configuration list for PBXNativeTarget "FitnessStream" */;
			buildPhases = (
				A1B2C3D4E5F600010001000D /* Sources */,
				A1B2C3D4E5F6000100010005 /* Frameworks */,
				A1B2C3D4E5F600010001000E /* Resources */,
				BEB71A0A2F47B6BB006B21FC /* Embed Watch Content */,
			);
			buildRules = (
			);
			dependencies = (
				BEB71A052F47B6BB006B21FC /* PBXTargetDependency */,
			);
			name = FitnessStream;
			productName = FitnessStream;
			productReference = A1B2C3D4E5F6000100010000 /* FitnessStream.app */;
			productType = "com.apple.product-type.application";
		};
		BEB719FB2F47B6BA006B21FC /* FitnessStream Watch App Watch App */ = {
			isa = PBXNativeTarget;
			buildConfigurationList = BEB71A072F47B6BB006B21FC /* Build configuration list for PBXNativeTarget "FitnessStream Watch App Watch App" */;
			buildPhases = (
				BEB719F82F47B6BA006B21FC /* Sources */,
				BEB719F92F47B6BA006B21FC /* Frameworks */,
				BEB719FA2F47B6BA006B21FC /* Resources */,
			);
			buildRules = (
			);
			dependencies = (
			);
			fileSystemSynchronizedGroups = (
				BEB719FD2F47B6BA006B21FC /* FitnessStream Watch App Watch App */,
			);
			name = "FitnessStream Watch App Watch App";
			packageProductDependencies = (
			);
			productName = "FitnessStream Watch App Watch App";
			productReference = BEB719FC2F47B6BA006B21FC /* FitnessStream Watch App Watch App.app */;
			productType = "com.apple.product-type.application";
		};
/* End PBXNativeTarget section */

/* Begin PBXProject section */
		A1B2C3D4E5F600010001000F /* Project object */ = {
			isa = PBXProject;
			attributes = {
				BuildIndependentTargetsInParallel = 1;
				LastSwiftUpdateCheck = 2620;
				LastUpgradeCheck = 2620;
				TargetAttributes = {
					BEB719FB2F47B6BA006B21FC = {
						CreatedOnToolsVersion = 26.2;
					};
				};
			};
			buildConfigurationList = A1B2C3D4E5F6000100010010 /* Build configuration list for PBXProject "FitnessStream" */;
			compatibilityVersion = "Xcode 14.0";
			developmentRegion = en;
			hasScannedForEncodings = 0;
			knownRegions = (
				en,
				Base,
			);
			mainGroup = A1B2C3D4E5F6000100010011;
			productRefGroup = A1B2C3D4E5F600010001000A /* Products */;
			projectDirPath = "";
			projectRoot = "";
			targets = (
				A1B2C3D4E5F600010001000B /* FitnessStream */,
				BEB719FB2F47B6BA006B21FC /* FitnessStream Watch App Watch App */,
			);
		};
/* End PBXProject section */

/* Begin PBXResourcesBuildPhase section */
		A1B2C3D4E5F600010001000E /* Resources */ = {
			isa = PBXResourcesBuildPhase;
			buildActionMask = 2147483647;
			files = (
				A1B2C3D4E5F600010001002B /* Assets.xcassets in Resources */,
			);
			runOnlyForDeploymentPostprocessing = 0;
		};
		BEB719FA2F47B6BA006B21FC /* Resources */ = {
			isa = PBXResourcesBuildPhase;
			buildActionMask = 2147483647;
			files = (
			);
			runOnlyForDeploymentPostprocessing = 0;
		};
/* End PBXResourcesBuildPhase section */

/* Begin PBXSourcesBuildPhase section */
		A1B2C3D4E5F600010001000D /* Sources */ = {
			isa = PBXSourcesBuildPhase;
			buildActionMask = 2147483647;
			files = (
				A1B2C3D4E5F6000100010001 /* AppDelegate.swift in Sources */,
				A1B2C3D4E5F6000100010017 /* EndpointStorage.swift in Sources */,
				A1B2C3D4E5F6000100010019 /* WorkoutType.swift in Sources */,
				A1B2C3D4E5F6000100010003 /* ViewController.swift in Sources */,
				A1B2C3D4E5F600010001001D /* WorkoutSessionManager.swift in Sources */,
				A1B2C3D4E5F600010001001F /* StreamClient.swift in Sources */,
				A1B2C3D4E5F6000100010021 /* LocationManager.swift in Sources */,
				A1B2C3D4E5F6000100010023 /* WorkoutMetrics.swift in Sources */,
				A1B2C3D4E5F6000100010025 /* LiveMetricsViewController.swift in Sources */,
				A1B2C3D4E5F6000100010027 /* WorkoutNotificationManager.swift in Sources */,
				A1B2C3D4E5F6000100010029 /* WatchSessionManager.swift in Sources */,
			);
			runOnlyForDeploymentPostprocessing = 0;
		};
		BEB719F82F47B6BA006B21FC /* Sources */ = {
			isa = PBXSourcesBuildPhase;
			buildActionMask = 2147483647;
			files = (
			);
			runOnlyForDeploymentPostprocessing = 0;
		};
/* End PBXSourcesBuildPhase section */

/* Begin PBXTargetDependency section */
		BEB71A052F47B6BB006B21FC /* PBXTargetDependency */ = {
			isa = PBXTargetDependency;
			target = BEB719FB2F47B6BA006B21FC /* FitnessStream Watch App Watch App */;
			targetProxy = BEB71A042F47B6BB006B21FC /* PBXContainerItemProxy */;
		};
/* End PBXTargetDependency section */

/* Begin XCBuildConfiguration section */
		A1B2C3D4E5F6000100010013 /* Debug */ = {
			isa = XCBuildConfiguration;
			buildSettings = {
				ALWAYS_SEARCH_USER_PATHS = NO;
				ASSETCATALOG_COMPILER_GENERATE_SWIFT_ASSET_SYMBOL_EXTENSIONS = YES;
				CLANG_ANALYZER_NONNULL = YES;
				CLANG_ANALYZER_NUMBER_OBJECT_CONVERSION = YES_AGGRESSIVE;
				CLANG_CXX_LANGUAGE_STANDARD = "gnu++20";
				CLANG_ENABLE_MODULES = YES;
				CLANG_ENABLE_OBJC_ARC = YES;
				CLANG_ENABLE_OBJC_WEAK = YES;
				CLANG_WARN_BLOCK_CAPTURE_AUTORELEASING = YES;
				CLANG_WARN_BOOL_CONVERSION = YES;
				CLANG_WARN_COMMA = YES;
				CLANG_WARN_CONSTANT_CONVERSION = YES;
				CLANG_WARN_DEPRECATED_OBJC_IMPLEMENTATIONS = YES;
				CLANG_WARN_DIRECT_OBJC_ISA_USAGE = YES_ERROR;
				CLANG_WARN_DOCUMENTATION_COMMENTS = YES;
				CLANG_WARN_EMPTY_BODY = YES;
				CLANG_WARN_ENUM_CONVERSION = YES;
				CLANG_WARN_INFINITE_RECURSION = YES;
				CLANG_WARN_INT_CONVERSION = YES;
				CLANG_WARN_NON_LITERAL_NULL_CONVERSION = YES;
				CLANG_WARN_OBJC_IMPLICIT_RETAIN_SELF = YES;
				CLANG_WARN_OBJC_LITERAL_CONVERSION = YES;
				CLANG_WARN_OBJC_ROOT_CLASS = YES_ERROR;
				CLANG_WARN_QUOTED_INCLUDE_IN_FRAMEWORK_HEADER = YES;
				CLANG_WARN_RANGE_LOOP_ANALYSIS = YES;
				CLANG_WARN_STRICT_PROTOTYPES = YES;
				CLANG_WARN_SUSPICIOUS_MOVE = YES;
				CLANG_WARN_UNGUARDED_AVAILABILITY = YES_AGGRESSIVE;
				CLANG_WARN_UNREACHABLE_CODE = YES;
				CLANG_WARN__DUPLICATE_METHOD_MATCH = YES;
				COPY_PHASE_STRIP = NO;
				DEBUG_INFORMATION_FORMAT = dwarf;
				DEVELOPMENT_TEAM = 822U6S62YP;
				ENABLE_STRICT_OBJC_MSGSEND = YES;
				ENABLE_TESTABILITY = YES;
				GCC_C_LANGUAGE_STANDARD = gnu17;
				GCC_DYNAMIC_NO_PIC = NO;
				GCC_NO_COMMON_BLOCKS = YES;
				GCC_OPTIMIZATION_LEVEL = 0;
				GCC_PREPROCESSOR_DEFINITIONS = (
					"DEBUG=1",
					"$(inherited)",
				);
				GCC_WARN_64_TO_32_BIT_CONVERSION = YES;
				GCC_WARN_ABOUT_RETURN_TYPE = YES_ERROR;
				GCC_WARN_UNDECLARED_SELECTOR = YES;
				GCC_WARN_UNINITIALIZED_AUTOS = YES_AGGRESSIVE;
				GCC_WARN_UNUSED_FUNCTION = YES;
				GCC_WARN_UNUSED_VARIABLE = YES;
				IPHONEOS_DEPLOYMENT_TARGET = 26.0;
				LOCALIZATION_PREFERS_STRING_CATALOGS = YES;
				MTL_ENABLE_DEBUG_INFO = INCLUDE_SOURCE;
				MTL_FAST_MATH = YES;
				ONLY_ACTIVE_ARCH = YES;
				SDKROOT = iphoneos;
				STRING_CATALOG_GENERATE_SYMBOLS = YES;
				SWIFT_ACTIVE_COMPILATION_CONDITIONS = "DEBUG $(inherited)";
				SWIFT_OPTIMIZATION_LEVEL = "-Onone";
			};
			name = Debug;
		};
		A1B2C3D4E5F6000100010014 /* Release */ = {
			isa = XCBuildConfiguration;
			buildSettings = {
				ALWAYS_SEARCH_USER_PATHS = NO;
				ASSETCATALOG_COMPILER_GENERATE_SWIFT_ASSET_SYMBOL_EXTENSIONS = YES;
				CLANG_ANALYZER_NONNULL = YES;
				CLANG_ANALYZER_NUMBER_OBJECT_CONVERSION = YES_AGGRESSIVE;
				CLANG_CXX_LANGUAGE_STANDARD = "gnu++20";
				CLANG_ENABLE_MODULES = YES;
				CLANG_ENABLE_OBJC_ARC = YES;
				CLANG_ENABLE_OBJC_WEAK = YES;
				CLANG_WARN_BLOCK_CAPTURE_AUTORELEASING = YES;
				CLANG_WARN_BOOL_CONVERSION = YES;
				CLANG_WARN_COMMA = YES;
				CLANG_WARN_CONSTANT_CONVERSION = YES;
				CLANG_WARN_DEPRECATED_OBJC_IMPLEMENTATIONS = YES;
				CLANG_WARN_DIRECT_OBJC_ISA_USAGE = YES_ERROR;
				CLANG_WARN_DOCUMENTATION_COMMENTS = YES;
				CLANG_WARN_EMPTY_BODY = YES;
				CLANG_WARN_ENUM_CONVERSION = YES;
				CLANG_WARN_INFINITE_RECURSION = YES;
				CLANG_WARN_INT_CONVERSION = YES;
				CLANG_WARN_NON_LITERAL_NULL_CONVERSION = YES;
				CLANG_WARN_OBJC_IMPLICIT_RETAIN_SELF = YES;
				CLANG_WARN_OBJC_LITERAL_CONVERSION = YES;
				CLANG_WARN_OBJC_ROOT_CLASS = YES_ERROR;
				CLANG_WARN_QUOTED_INCLUDE_IN_FRAMEWORK_HEADER = YES;
				CLANG_WARN_RANGE_LOOP_ANALYSIS = YES;
				CLANG_WARN_STRICT_PROTOTYPES = YES;
				CLANG_WARN_SUSPICIOUS_MOVE = YES;
				CLANG_WARN_UNGUARDED_AVAILABILITY = YES_AGGRESSIVE;
				CLANG_WARN_UNREACHABLE_CODE = YES;
				CLANG_WARN__DUPLICATE_METHOD_MATCH = YES;
				COPY_PHASE_STRIP = NO;
				DEBUG_INFORMATION_FORMAT = "dwarf-with-dsym";
				DEVELOPMENT_TEAM = 822U6S62YP;
				ENABLE_NS_ASSERTIONS = NO;
				ENABLE_STRICT_OBJC_MSGSEND = YES;
				GCC_C_LANGUAGE_STANDARD = gnu17;
				GCC_NO_COMMON_BLOCKS = YES;
				GCC_WARN_64_TO_32_BIT_CONVERSION = YES;
				GCC_WARN_ABOUT_RETURN_TYPE = YES_ERROR;
				GCC_WARN_UNDECLARED_SELECTOR = YES;
				GCC_WARN_UNINITIALIZED_AUTOS = YES_AGGRESSIVE;
				GCC_WARN_UNUSED_FUNCTION = YES;
				GCC_WARN_UNUSED_VARIABLE = YES;
				IPHONEOS_DEPLOYMENT_TARGET = 26.0;
				LOCALIZATION_PREFERS_STRING_CATALOGS = YES;
				MTL_ENABLE_DEBUG_INFO = NO;
				MTL_FAST_MATH = YES;
				SDKROOT = iphoneos;
				STRING_CATALOG_GENERATE_SYMBOLS = YES;
				SWIFT_COMPILATION_MODE = wholemodule;
				VALIDATE_PRODUCT = YES;
			};
			name = Release;
		};
		A1B2C3D4E5F6000100010015 /* Debug */ = {
			isa = XCBuildConfiguration;
			buildSettings = {
				ASSETCATALOG_COMPILER_APPICON_NAME = AppIcon;
				ASSETCATALOG_COMPILER_GLOBAL_ACCENT_COLOR_NAME = "";
				ASSETCATALOG_COMPILER_INCLUDE_ALL_APPICON_ASSETS = YES;
				CODE_SIGN_ENTITLEMENTS = FitnessStream/FitnessStream.entitlements;
				CODE_SIGN_STYLE = Automatic;
				CURRENT_PROJECT_VERSION = 1;
				DEVELOPMENT_ASSET_PATHS = "";
				ENABLE_PREVIEWS = YES;
				GENERATE_INFOPLIST_FILE = NO;
				INFOPLIST_FILE = FitnessStream/Info.plist;
				INFOPLIST_KEY_UIApplicationSupportsIndirectInputEvents = YES;
				INFOPLIST_KEY_UILaunchStoryboardName = "";
				LD_RUNPATH_SEARCH_PATHS = (
					"$(inherited)",
					"@executable_path/Frameworks",
				);
				MARKETING_VERSION = 1.2;
				PRODUCT_BUNDLE_IDENTIFIER = com.fitnessstream.app;
				PRODUCT_NAME = "$(TARGET_NAME)";
				SUPPORTED_PLATFORMS = "iphoneos iphonesimulator";
				SUPPORTS_MACCATALYST = NO;
				SUPPORTS_MAC_DESIGNED_FOR_IPHONE_IPAD = NO;
				SUPPORTS_XR_DESIGNED_FOR_IPHONE_IPAD = NO;
				SWIFT_EMIT_LOC_STRINGS = YES;
				SWIFT_VERSION = 5.0;
				TARGETED_DEVICE_FAMILY = "1,2";
			};
			name = Debug;
		};
		A1B2C3D4E5F6000100010016 /* Release */ = {
			isa = XCBuildConfiguration;
			buildSettings = {
				ASSETCATALOG_COMPILER_APPICON_NAME = AppIcon;
				ASSETCATALOG_COMPILER_GLOBAL_ACCENT_COLOR_NAME = "";
				ASSETCATALOG_COMPILER_INCLUDE_ALL_APPICON_ASSETS = YES;
				CODE_SIGN_ENTITLEMENTS = FitnessStream/FitnessStream.entitlements;
				CODE_SIGN_STYLE = Automatic;
				CURRENT_PROJECT_VERSION = 1;
				DEVELOPMENT_ASSET_PATHS = "";
				ENABLE_PREVIEWS = YES;
				GENERATE_INFOPLIST_FILE = NO;
				INFOPLIST_FILE = FitnessStream/Info.plist;
				INFOPLIST_KEY_UIApplicationSupportsIndirectInputEvents = YES;
				INFOPLIST_KEY_UILaunchStoryboardName = "";
				LD_RUNPATH_SEARCH_PATHS = (
					"$(inherited)",
					"@executable_path/Frameworks",
				);
				MARKETING_VERSION = 1.2;
				PRODUCT_BUNDLE_IDENTIFIER = com.fitnessstream.app;
				PRODUCT_NAME = "$(TARGET_NAME)";
				SUPPORTED_PLATFORMS = "iphoneos iphonesimulator";
				SUPPORTS_MACCATALYST = NO;
				SUPPORTS_MAC_DESIGNED_FOR_IPHONE_IPAD = NO;
				SUPPORTS_XR_DESIGNED_FOR_IPHONE_IPAD = NO;
				SWIFT_EMIT_LOC_STRINGS = YES;
				SWIFT_VERSION = 5.0;
				TARGETED_DEVICE_FAMILY = "1,2";
			};
			name = Release;
		};
		BEB71A082F47B6BB006B21FC /* Debug */ = {
			isa = XCBuildConfiguration;
			buildSettings = {
				ASSETCATALOG_COMPILER_APPICON_NAME = AppIcon;
				ASSETCATALOG_COMPILER_GLOBAL_ACCENT_COLOR_NAME = AccentColor;
				ASSETCATALOG_COMPILER_INCLUDE_ALL_APPICON_ASSETS = YES;
				CLANG_WARN__DUPLICATE_METHOD_MATCH = YES;
				CODE_SIGN_ENTITLEMENTS = "FitnessStream Watch App Watch App/FitnessStream Watch App Watch App.entitlements";
				CODE_SIGN_STYLE = Automatic;
				CURRENT_PROJECT_VERSION = 1;
				ENABLE_PREVIEWS = YES;
				ENABLE_USER_SCRIPT_SANDBOXING = YES;
				GENERATE_INFOPLIST_FILE = YES;
				INFOPLIST_KEY_CFBundleDisplayName = "FitnessStream Watch App";
				INFOPLIST_KEY_ITSAppUsesNonExemptEncryption = NO;
				INFOPLIST_KEY_NSHealthShareUsageDescription = "FitnessStream reads your heart rate, energy, distance, and step data during workouts to stream live metrics to your iPhone.";
				INFOPLIST_KEY_NSHealthUpdateUsageDescription = "FitnessStream writes workout sessions to Health so they appear in the Fitness app.";
				INFOPLIST_KEY_UISupportedInterfaceOrientations = "UIInterfaceOrientationPortrait UIInterfaceOrientationPortraitUpsideDown";
				INFOPLIST_KEY_WKCompanionAppBundleIdentifier = com.fitnessstream.app;
				LD_RUNPATH_SEARCH_PATHS = (
					"$(inherited)",
					"@executable_path/Frameworks",
				);
				MARKETING_VERSION = 1.2;
				PRODUCT_BUNDLE_IDENTIFIER = com.fitnessstream.app.watchkitapp;
				PRODUCT_NAME = "$(TARGET_NAME)";
				SDKROOT = watchos;
				SKIP_INSTALL = YES;
				STRING_CATALOG_GENERATE_SYMBOLS = YES;
				SWIFT_APPROACHABLE_CONCURRENCY = YES;
				SWIFT_DEFAULT_ACTOR_ISOLATION = MainActor;
				SWIFT_EMIT_LOC_STRINGS = YES;
				SWIFT_UPCOMING_FEATURE_MEMBER_IMPORT_VISIBILITY = YES;
				SWIFT_VERSION = 5.0;
				TARGETED_DEVICE_FAMILY = 4;
				WATCHOS_DEPLOYMENT_TARGET = 26.2;
			};
			name = Debug;
		};
		BEB71A092F47B6BB006B21FC /* Release */ = {
			isa = XCBuildConfiguration;
			buildSettings = {
				ASSETCATALOG_COMPILER_APPICON_NAME = AppIcon;
				ASSETCATALOG_COMPILER_GLOBAL_ACCENT_COLOR_NAME = AccentColor;
				ASSETCATALOG_COMPILER_INCLUDE_ALL_APPICON_ASSETS = YES;
				CLANG_WARN__DUPLICATE_METHOD_MATCH = YES;
				CODE_SIGN_ENTITLEMENTS = "FitnessStream Watch App Watch App/FitnessStream Watch App Watch App.entitlements";
				CODE_SIGN_STYLE = Automatic;
				CURRENT_PROJECT_VERSION = 1;
				ENABLE_PREVIEWS = YES;
				ENABLE_USER_SCRIPT_SANDBOXING = YES;
				GENERATE_INFOPLIST_FILE = YES;
				INFOPLIST_KEY_CFBundleDisplayName = "FitnessStream Watch App";
				INFOPLIST_KEY_ITSAppUsesNonExemptEncryption = NO;
				INFOPLIST_KEY_NSHealthShareUsageDescription = "FitnessStream reads your heart rate, energy, distance, and step data during workouts to stream live metrics to your iPhone.";
				INFOPLIST_KEY_NSHealthUpdateUsageDescription = "FitnessStream writes workout sessions to Health so they appear in the Fitness app.";
				INFOPLIST_KEY_UISupportedInterfaceOrientations = "UIInterfaceOrientationPortrait UIInterfaceOrientationPortraitUpsideDown";
				INFOPLIST_KEY_WKCompanionAppBundleIdentifier = com.fitnessstream.app;
				LD_RUNPATH_SEARCH_PATHS = (
					"$(inherited)",
					"@executable_path/Frameworks",
				);
				MARKETING_VERSION = 1.2;
				PRODUCT_BUNDLE_IDENTIFIER = com.fitnessstream.app.watchkitapp;
				PRODUCT_NAME = "$(TARGET_NAME)";
				SDKROOT = watchos;
				SKIP_INSTALL = YES;
				STRING_CATALOG_GENERATE_SYMBOLS = YES;
				SWIFT_APPROACHABLE_CONCURRENCY = YES;
				SWIFT_DEFAULT_ACTOR_ISOLATION = MainActor;
				SWIFT_EMIT_LOC_STRINGS = YES;
				SWIFT_UPCOMING_FEATURE_MEMBER_IMPORT_VISIBILITY = YES;
				SWIFT_VERSION = 5.0;
				TARGETED_DEVICE_FAMILY = 4;
				WATCHOS_DEPLOYMENT_TARGET = 26.2;
			};
			name = Release;
		};
/* End XCBuildConfiguration section */

/* Begin XCConfigurationList section */
		A1B2C3D4E5F600010001000C /* Build configuration list for PBXNativeTarget "FitnessStream" */ = {
			isa = XCConfigurationList;
			buildConfigurations = (
				A1B2C3D4E5F6000100010015 /* Debug */,
				A1B2C3D4E5F6000100010016 /* Release */,
			);
			defaultConfigurationIsVisible = 0;
			defaultConfigurationName = Release;
		};
		A1B2C3D4E5F6000100010010 /* Build configuration list for PBXProject "FitnessStream" */ = {
			isa = XCConfigurationList;
			buildConfigurations = (
				A1B2C3D4E5F6000100010013 /* Debug */,
				A1B2C3D4E5F6000100010014 /* Release */,
			);
			defaultConfigurationIsVisible = 0;
			defaultConfigurationName = Release;
		};
		BEB71A072F47B6BB006B21FC /* Build configuration list for PBXNativeTarget "FitnessStream Watch App Watch App" */ = {
			isa = XCConfigurationList;
			buildConfigurations = (
				BEB71A082F47B6BB006B21FC /* Debug */,
				BEB71A092F47B6BB006B21FC /* Release */,
			);
			defaultConfigurationIsVisible = 0;
			defaultConfigurationName = Release;
		};
/* End XCConfigurationList section */
	};
	rootObject = A1B2C3D4E5F600010001000F /* Project object */;
}
